// !$*UTF8*$!
{
	archiveVersion = 1;
	classes = {
	};
	objectVersion = 56;
	objects = {

/* Begin PBXBuildFile section */
		58B89F452AB395E500991C0B /* ExampleApp.swift in Sources */ = {isa = PBXBuildFile; fileRef = 58B89F442AB395E500991C0B /* ExampleApp.swift */; };
		58B89F472AB395E500991C0B /* ContentView.swift in Sources */ = {isa = PBXBuildFile; fileRef = 58B89F462AB395E500991C0B /* ContentView.swift */; };
		58B89F492AB395E600991C0B /* Assets.xcassets in Resources */ = {isa = PBXBuildFile; fileRef = 58B89F482AB395E600991C0B /* Assets.xcassets */; };
		58B89F4C2AB395E600991C0B /* Preview Assets.xcassets in Resources */ = {isa = PBXBuildFile; fileRef = 58B89F4B2AB395E600991C0B /* Preview Assets.xcassets */; };
		58B89F562AB395E600991C0B /* ExampleTests.swift in Sources */ = {isa = PBXBuildFile; fileRef = 58B89F552AB395E600991C0B /* ExampleTests.swift */; };
		58B89F602AB395E600991C0B /* ExampleUITests.swift in Sources */ = {isa = PBXBuildFile; fileRef = 58B89F5F2AB395E600991C0B /* ExampleUITests.swift */; };
		58B89F622AB395E600991C0B /* ExampleUITestsLaunchTests.swift in Sources */ = {isa = PBXBuildFile; fileRef = 58B89F612AB395E600991C0B /* ExampleUITestsLaunchTests.swift */; };
		58B89F772AB3964000991C0B /* Person+Swizzling.m in Sources */ = {isa = PBXBuildFile; fileRef = 58B89F732AB3964000991C0B /* Person+Swizzling.m */; };
		58B89F782AB3964000991C0B /* Person.m in Sources */ = {isa = PBXBuildFile; fileRef = 58B89F752AB3964000991C0B /* Person.m */; };
		58B89F7B2AB396E000991C0B /* Swizzling in Frameworks */ = {isa = PBXBuildFile; productRef = 58B89F7A2AB396E000991C0B /* Swizzling */; };
/* End PBXBuildFile section */

/* Begin PBXContainerItemProxy section */
		58B89F522AB395E600991C0B /* PBXContainerItemProxy */ = {
			isa = PBXContainerItemProxy;
			containerPortal = 58B89F392AB395E500991C0B /* Project object */;
			proxyType = 1;
			remoteGlobalIDString = 58B89F402AB395E500991C0B;
			remoteInfo = Example;
		};
		58B89F5C2AB395E600991C0B /* PBXContainerItemProxy */ = {
			isa = PBXContainerItemProxy;
			containerPortal = 58B89F392AB395E500991C0B /* Project object */;
			proxyType = 1;
			remoteGlobalIDString = 58B89F402AB395E500991C0B;
			remoteInfo = Example;
		};
/* End PBXContainerItemProxy section */

/* Begin PBXFileReference section */
		58B89F412AB395E500991C0B /* Example.app */ = {isa = PBXFileReference; explicitFileType = wrapper.application; includeInIndex = 0; path = Example.app; sourceTree = BUILT_PRODUCTS_DIR; };
		58B89F442AB395E500991C0B /* ExampleApp.swift */ = {isa = PBXFileReference; lastKnownFileType = sourcecode.swift; path = ExampleApp.swift; sourceTree = "<group>"; };
		58B89F462AB395E500991C0B /* ContentView.swift */ = {isa = PBXFileReference; lastKnownFileType = sourcecode.swift; path = ContentView.swift; sourceTree = "<group>"; };
		58B89F482AB395E600991C0B /* Assets.xcassets */ = {isa = PBXFileReference; lastKnownFileType = folder.assetcatalog; path = Assets.xcassets; sourceTree = "<group>"; };
		58B89F4B2AB395E600991C0B /* Preview Assets.xcassets */ = {isa = PBXFileReference; lastKnownFileType = folder.assetcatalog; path = "Preview Assets.xcassets"; sourceTree = "<group>"; };
		58B89F512AB395E600991C0B /* ExampleTests.xctest */ = {isa = PBXFileReference; explicitFileType = wrapper.cfbundle; includeInIndex = 0; path = ExampleTests.xctest; sourceTree = BUILT_PRODUCTS_DIR; };
		58B89F552AB395E600991C0B /* ExampleTests.swift */ = {isa = PBXFileReference; lastKnownFileType = sourcecode.swift; path = ExampleTests.swift; sourceTree = "<group>"; };
		58B89F5B2AB395E600991C0B /* ExampleUITests.xctest */ = {isa = PBXFileReference; explicitFileType = wrapper.cfbundle; includeInIndex = 0; path = ExampleUITests.xctest; sourceTree = BUILT_PRODUCTS_DIR; };
		58B89F5F2AB395E600991C0B /* ExampleUITests.swift */ = {isa = PBXFileReference; lastKnownFileType = sourcecode.swift; path = ExampleUITests.swift; sourceTree = "<group>"; };
		58B89F612AB395E600991C0B /* ExampleUITestsLaunchTests.swift */ = {isa = PBXFileReference; lastKnownFileType = sourcecode.swift; path = ExampleUITestsLaunchTests.swift; sourceTree = "<group>"; };
		58B89F6F2AB3962700991C0B /* Example-Bridging-Header.h */ = {isa = PBXFileReference; lastKnownFileType = sourcecode.c.h; path = "Example-Bridging-Header.h"; sourceTree = "<group>"; };
		58B89F732AB3964000991C0B /* Person+Swizzling.m */ = {isa = PBXFileReference; fileEncoding = 4; lastKnownFileType = sourcecode.c.objc; path = "Person+Swizzling.m"; sourceTree = "<group>"; };
		58B89F742AB3964000991C0B /* Person.h */ = {isa = PBXFileReference; fileEncoding = 4; lastKnownFileType = sourcecode.c.h; path = Person.h; sourceTree = "<group>"; };
		58B89F752AB3964000991C0B /* Person.m */ = {isa = PBXFileReference; fileEncoding = 4; lastKnownFileType = sourcecode.c.objc; path = Person.m; sourceTree = "<group>"; };
		58B89F762AB3964000991C0B /* Person+Swizzling.h */ = {isa = PBXFileReference; fileEncoding = 4; lastKnownFileType = sourcecode.c.h; path = "Person+Swizzling.h"; sourceTree = "<group>"; };
/* End PBXFileReference section */

/* Begin PBXFrameworksBuildPhase section */
		58B89F3E2AB395E500991C0B /* Frameworks */ = {
			isa = PBXFrameworksBuildPhase;
			buildActionMask = 2147483647;
			files = (
				58B89F7B2AB396E000991C0B /* Swizzling in Frameworks */,
			);
			runOnlyForDeploymentPostprocessing = 0;
		};
		58B89F4E2AB395E600991C0B /* Frameworks */ = {
			isa = PBXFrameworksBuildPhase;
			buildActionMask = 2147483647;
			files = (
			);
			runOnlyForDeploymentPostprocessing = 0;
		};
		58B89F582AB395E600991C0B /* Frameworks */ = {
			isa = PBXFrameworksBuildPhase;
			buildActionMask = 2147483647;
			files = (
			);
			runOnlyForDeploymentPostprocessing = 0;
		};
/* End PBXFrameworksBuildPhase section */

/* Begin PBXGroup section */
		58B89F382AB395E500991C0B = {
			isa = PBXGroup;
			children = (
				58B89F432AB395E500991C0B /* Example */,
				58B89F542AB395E600991C0B /* ExampleTests */,
				58B89F5E2AB395E600991C0B /* ExampleUITests */,
				58B89F422AB395E500991C0B /* Products */,
			);
			sourceTree = "<group>";
		};
		58B89F422AB395E500991C0B /* Products */ = {
			isa = PBXGroup;
			children = (
				58B89F412AB395E500991C0B /* Example.app */,
				58B89F512AB395E600991C0B /* ExampleTests.xctest */,
				58B89F5B2AB395E600991C0B /* ExampleUITests.xctest */,
			);
			name = Products;
			sourceTree = "<group>";
		};
		58B89F432AB395E500991C0B /* Example */ = {
			isa = PBXGroup;
			children = (
				58B89F6E2AB3961800991C0B /* Components */,
				58B89F442AB395E500991C0B /* ExampleApp.swift */,
				58B89F462AB395E500991C0B /* ContentView.swift */,
				58B89F482AB395E600991C0B /* Assets.xcassets */,
				58B89F4A2AB395E600991C0B /* Preview Content */,
			);
			path = Example;
			sourceTree = "<group>";
		};
		58B89F4A2AB395E600991C0B /* Preview Content */ = {
			isa = PBXGroup;
			children = (
				58B89F4B2AB395E600991C0B /* Preview Assets.xcassets */,
			);
			path = "Preview Content";
			sourceTree = "<group>";
		};
		58B89F542AB395E600991C0B /* ExampleTests */ = {
			isa = PBXGroup;
			children = (
				58B89F552AB395E600991C0B /* ExampleTests.swift */,
			);
			path = ExampleTests;
			sourceTree = "<group>";
		};
		58B89F5E2AB395E600991C0B /* ExampleUITests */ = {
			isa = PBXGroup;
			children = (
				58B89F5F2AB395E600991C0B /* ExampleUITests.swift */,
				58B89F612AB395E600991C0B /* ExampleUITestsLaunchTests.swift */,
			);
			path = ExampleUITests;
			sourceTree = "<group>";
		};
		58B89F6E2AB3961800991C0B /* Components */ = {
			isa = PBXGroup;
			children = (
				58B89F742AB3964000991C0B /* Person.h */,
				58B89F752AB3964000991C0B /* Person.m */,
				58B89F762AB3964000991C0B /* Person+Swizzling.h */,
				58B89F732AB3964000991C0B /* Person+Swizzling.m */,
				58B89F6F2AB3962700991C0B /* Example-Bridging-Header.h */,
			);
			path = Components;
			sourceTree = "<group>";
		};
/* End PBXGroup section */

/* Begin PBXNativeTarget section */
		58B89F402AB395E500991C0B /* Example */ = {
			isa = PBXNativeTarget;
			buildConfigurationList = 58B89F652AB395E600991C0B /* Build configuration list for PBXNativeTarget "Example" */;
			buildPhases = (
				58B89F3D2AB395E500991C0B /* Sources */,
				58B89F3E2AB395E500991C0B /* Frameworks */,
				58B89F3F2AB395E500991C0B /* Resources */,
			);
			buildRules = (
			);
			dependencies = (
			);
			name = Example;
			packageProductDependencies = (
				58B89F7A2AB396E000991C0B /* Swizzling */,
			);
			productName = Example;
			productReference = 58B89F412AB395E500991C0B /* Example.app */;
			productType = "com.apple.product-type.application";
		};
		58B89F502AB395E600991C0B /* ExampleTests */ = {
			isa = PBXNativeTarget;
			buildConfigurationList = 58B89F682AB395E600991C0B /* Build configuration list for PBXNativeTarget "ExampleTests" */;
			buildPhases = (
				58B89F4D2AB395E600991C0B /* Sources */,
				58B89F4E2AB395E600991C0B /* Frameworks */,
				58B89F4F2AB395E600991C0B /* Resources */,
			);
			buildRules = (
			);
			dependencies = (
				58B89F532AB395E600991C0B /* PBXTargetDependency */,
			);
			name = ExampleTests;
			productName = ExampleTests;
			productReference = 58B89F512AB395E600991C0B /* ExampleTests.xctest */;
			productType = "com.apple.product-type.bundle.unit-test";
		};
		58B89F5A2AB395E600991C0B /* ExampleUITests */ = {
			isa = PBXNativeTarget;
			buildConfigurationList = 58B89F6B2AB395E600991C0B /* Build configuration list for PBXNativeTarget "ExampleUITests" */;
			buildPhases = (
				58B89F572AB395E600991C0B /* Sources */,
				58B89F582AB395E600991C0B /* Frameworks */,
				58B89F592AB395E600991C0B /* Resources */,
			);
			buildRules = (
			);
			dependencies = (
				58B89F5D2AB395E600991C0B /* PBXTargetDependency */,
			);
			name = ExampleUITests;
			productName = ExampleUITests;
			productReference = 58B89F5B2AB395E600991C0B /* ExampleUITests.xctest */;
			productType = "com.apple.product-type.bundle.ui-testing";
		};
/* End PBXNativeTarget section */

/* Begin PBXProject section */
		58B89F392AB395E500991C0B /* Project object */ = {
			isa = PBXProject;
			attributes = {
				BuildIndependentTargetsInParallel = 1;
				LastSwiftUpdateCheck = 1430;
				LastUpgradeCheck = 1430;
				TargetAttributes = {
					58B89F402AB395E500991C0B = {
						CreatedOnToolsVersion = 14.3.1;
						LastSwiftMigration = 1430;
					};
					58B89F502AB395E600991C0B = {
						CreatedOnToolsVersion = 14.3.1;
						TestTargetID = 58B89F402AB395E500991C0B;
					};
					58B89F5A2AB395E600991C0B = {
						CreatedOnToolsVersion = 14.3.1;
						TestTargetID = 58B89F402AB395E500991C0B;
					};
				};
			};
			buildConfigurationList = 58B89F3C2AB395E500991C0B /* Build configuration list for PBXProject "Example" */;
			compatibilityVersion = "Xcode 14.0";
			developmentRegion = en;
			hasScannedForEncodings = 0;
			knownRegions = (
				en,
				Base,
			);
			mainGroup = 58B89F382AB395E500991C0B;
			packageReferences = (
				58B89F792AB396E000991C0B /* XCRemoteSwiftPackageReference "Swizzling" */,
			);
			productRefGroup = 58B89F422AB395E500991C0B /* Products */;
			projectDirPath = "";
			projectRoot = "";
			targets = (
				58B89F402AB395E500991C0B /* Example */,
				58B89F502AB395E600991C0B /* ExampleTests */,
				58B89F5A2AB395E600991C0B /* ExampleUITests */,
			);
		};
/* End PBXProject section */

/* Begin PBXResourcesBuildPhase section */
		58B89F3F2AB395E500991C0B /* Resources */ = {
			isa = PBXResourcesBuildPhase;
			buildActionMask = 2147483647;
			files = (
				58B89F4C2AB395E600991C0B /* Preview Assets.xcassets in Resources */,
				58B89F492AB395E600991C0B /* Assets.xcassets in Resources */,
			);
			runOnlyForDeploymentPostprocessing = 0;
		};
		58B89F4F2AB395E600991C0B /* Resources */ = {
			isa = PBXResourcesBuildPhase;
			buildActionMask = 2147483647;
			files = (
			);
			runOnlyForDeploymentPostprocessing = 0;
		};
		58B89F592AB395E600991C0B /* Resources */ = {
			isa = PBXResourcesBuildPhase;
			buildActionMask = 2147483647;
			files = (
			);
			runOnlyForDeploymentPostprocessing = 0;
		};
/* End PBXResourcesBuildPhase section */

/* Begin PBXSourcesBuildPhase section */
		58B89F3D2AB395E500991C0B /* Sources */ = {
			isa = PBXSourcesBuildPhase;
			buildActionMask = 2147483647;
			files = (
				58B89F772AB3964000991C0B /* Person+Swizzling.m in Sources */,
				58B89F782AB3964000991C0B /* Person.m in Sources */,
				58B89F472AB395E500991C0B /* ContentView.swift in Sources */,
				58B89F452AB395E500991C0B /* ExampleApp.swift in Sources */,
			);
			runOnlyForDeploymentPostprocessing = 0;
		};
		58B89F4D2AB395E600991C0B /* Sources */ = {
			isa = PBXSourcesBuildPhase;
			buildActionMask = 2147483647;
			files = (
				58B89F562AB395E600991C0B /* ExampleTests.swift in Sources */,
			);
			runOnlyForDeploymentPostprocessing = 0;
		};
		58B89F572AB395E600991C0B /* Sources */ = {
			isa = PBXSourcesBuildPhase;
			buildActionMask = 2147483647;
			files = (
				58B89F602AB395E600991C0B /* ExampleUITests.swift in Sources */,
				58B89F622AB395E600991C0B /* ExampleUITestsLaunchTests.swift in Sources */,
			);
			runOnlyForDeploymentPostprocessing = 0;
		};
/* End PBXSourcesBuildPhase section */

/* Begin PBXTargetDependency section */
		58B89F532AB395E600991C0B /* PBXTargetDependency */ = {
			isa = PBXTargetDependency;
			target = 58B89F402AB395E500991C0B /* Example */;
			targetProxy = 58B89F522AB395E600991C0B /* PBXContainerItemProxy */;
		};
		58B89F5D2AB395E600991C0B /* PBXTargetDependency */ = {
			isa = PBXTargetDependency;
			target = 58B89F402AB395E500991C0B /* Example */;
			targetProxy = 58B89F5C2AB395E600991C0B /* PBXContainerItemProxy */;
		};
/* End PBXTargetDependency section */

/* Begin XCBuildConfiguration section */
		58B89F632AB395E600991C0B /* Debug */ = {
			isa = XCBuildConfiguration;
			buildSettings = {
				ALWAYS_SEARCH_USER_PATHS = NO;
				CLANG_ANALYZER_NONNULL = YES;
				CLANG_ANALYZER_NUMBER_OBJECT_CONVERSION = YES_AGGRESSIVE;
				CLANG_CXX_LANGUAGE_STANDARD = "gnu++20";
				CLANG_ENABLE_MODULES = YES;
				CLANG_ENABLE_OBJC_ARC = YES;
				CLANG_ENABLE_OBJC_WEAK = YES;
				CLANG_WARN_BLOCK_CAPTURE_AUTORELEASING = YES;
				CLANG_WARN_BOOL_CONVERSION = YES;
				CLANG_WARN_COMMA = YES;
				CLANG_WARN_CONSTANT_CONVERSION = YES;
				CLANG_WARN_DEPRECATED_OBJC_IMPLEMENTATIONS = YES;
				CLANG_WARN_DIRECT_OBJC_ISA_USAGE = YES_ERROR;
				CLANG_WARN_DOCUMENTATION_COMMENTS = YES;
				CLANG_WARN_EMPTY_BODY = YES;
				CLANG_WARN_ENUM_CONVERSION = YES;
				CLANG_WARN_INFINITE_RECURSION = YES;
				CLANG_WARN_INT_CONVERSION = YES;
				CLANG_WARN_NON_LITERAL_NULL_CONVERSION = YES;
				CLANG_WARN_OBJC_IMPLICIT_RETAIN_SELF = YES;
				CLANG_WARN_OBJC_LITERAL_CONVERSION = YES;
				CLANG_WARN_OBJC_ROOT_CLASS = YES_ERROR;
				CLANG_WARN_QUOTED_INCLUDE_IN_FRAMEWORK_HEADER = YES;
				CLANG_WARN_RANGE_LOOP_ANALYSIS = YES;
				CLANG_WARN_STRICT_PROTOTYPES = YES;
				CLANG_WARN_SUSPICIOUS_MOVE = YES;
				CLANG_WARN_UNGUARDED_AVAILABILITY = YES_AGGRESSIVE;
				CLANG_WARN_UNREACHABLE_CODE = YES;
				CLANG_WARN__DUPLICATE_METHOD_MATCH = YES;
				COPY_PHASE_STRIP = NO;
				DEBUG_INFORMATION_FORMAT = dwarf;
				ENABLE_STRICT_OBJC_MSGSEND = YES;
				ENABLE_TESTABILITY = YES;
				GCC_C_LANGUAGE_STANDARD = gnu11;
				GCC_DYNAMIC_NO_PIC = NO;
				GCC_NO_COMMON_BLOCKS = YES;
				GCC_OPTIMIZATION_LEVEL = 0;
				GCC_PREPROCESSOR_DEFINITIONS = (
					"DEBUG=1",
					"$(inherited)",
				);
				GCC_WARN_64_TO_32_BIT_CONVERSION = YES;
				GCC_WARN_ABOUT_RETURN_TYPE = YES_ERROR;
				GCC_WARN_UNDECLARED_SELECTOR = YES;
				GCC_WARN_UNINITIALIZED_AUTOS = YES_AGGRESSIVE;
				GCC_WARN_UNUSED_FUNCTION = YES;
				GCC_WARN_UNUSED_VARIABLE = YES;
				IPHONEOS_DEPLOYMENT_TARGET = 16.0;
				MTL_ENABLE_DEBUG_INFO = INCLUDE_SOURCE;
				MTL_FAST_MATH = YES;
				ONLY_ACTIVE_ARCH = YES;
				SDKROOT = iphoneos;
				SWIFT_ACTIVE_COMPILATION_CONDITIONS = DEBUG;
				SWIFT_OPTIMIZATION_LEVEL = "-Onone";
			};
			name = Debug;
		};
		58B89F642AB395E600991C0B /* Release */ = {
			isa = XCBuildConfiguration;
			buildSettings = {
				ALWAYS_SEARCH_USER_PATHS = NO;
				CLANG_ANALYZER_NONNULL = YES;
				CLANG_ANALYZER_NUMBER_OBJECT_CONVERSION = YES_AGGRESSIVE;
				CLANG_CXX_LANGUAGE_STANDARD = "gnu++20";
				CLANG_ENABLE_MODULES = YES;
				CLANG_ENABLE_OBJC_ARC = YES;
				CLANG_ENABLE_OBJC_WEAK = YES;
				CLANG_WARN_BLOCK_CAPTURE_AUTORELEASING = YES;
				CLANG_WARN_BOOL_CONVERSION = YES;
				CLANG_WARN_COMMA = YES;
				CLANG_WARN_CONSTANT_CONVERSION = YES;
				CLANG_WARN_DEPRECATED_OBJC_IMPLEMENTATIONS = YES;
				CLANG_WARN_DIRECT_OBJC_ISA_USAGE = YES_ERROR;
				CLANG_WARN_DOCUMENTATION_COMMENTS = YES;
				CLANG_WARN_EMPTY_BODY = YES;
				CLANG_WARN_ENUM_CONVERSION = YES;
				CLANG_WARN_INFINITE_RECURSION = YES;
				CLANG_WARN_INT_CONVERSION = YES;
				CLANG_WARN_NON_LITERAL_NULL_CONVERSION = YES;
				CLANG_WARN_OBJC_IMPLICIT_RETAIN_SELF = YES;
				CLANG_WARN_OBJC_LITERAL_CONVERSION = YES;
				CLANG_WARN_OBJC_ROOT_CLASS = YES_ERROR;
				CLANG_WARN_QUOTED_INCLUDE_IN_FRAMEWORK_HEADER = YES;
				CLANG_WARN_RANGE_LOOP_ANALYSIS = YES;
				CLANG_WARN_STRICT_PROTOTYPES = YES;
				CLANG_WARN_SUSPICIOUS_MOVE = YES;
				CLANG_WARN_UNGUARDED_AVAILABILITY = YES_AGGRESSIVE;
				CLANG_WARN_UNREACHABLE_CODE = YES;
				CLANG_WARN__DUPLICATE_METHOD_MATCH = YES;
				COPY_PHASE_STRIP = NO;
				DEBUG_INFORMATION_FORMAT = "dwarf-with-dsym";
				ENABLE_NS_ASSERTIONS = NO;
				ENABLE_STRICT_OBJC_MSGSEND = YES;
				GCC_C_LANGUAGE_STANDARD = gnu11;
				GCC_NO_COMMON_BLOCKS = YES;
				GCC_WARN_64_TO_32_BIT_CONVERSION = YES;
				GCC_WARN_ABOUT_RETURN_TYPE = YES_ERROR;
				GCC_WARN_UNDECLARED_SELECTOR = YES;
				GCC_WARN_UNINITIALIZED_AUTOS = YES_AGGRESSIVE;
				GCC_WARN_UNUSED_FUNCTION = YES;
				GCC_WARN_UNUSED_VARIABLE = YES;
				IPHONEOS_DEPLOYMENT_TARGET = 16.0;
				MTL_ENABLE_DEBUG_INFO = NO;
				MTL_FAST_MATH = YES;
				SDKROOT = iphoneos;
				SWIFT_COMPILATION_MODE = wholemodule;
				SWIFT_OPTIMIZATION_LEVEL = "-O";
				VALIDATE_PRODUCT = YES;
			};
			name = Release;
		};
		58B89F662AB395E600991C0B /* Debug */ = {
			isa = XCBuildConfiguration;
			buildSettings = {
				ASSETCATALOG_COMPILER_APPICON_NAME = AppIcon;
				ASSETCATALOG_COMPILER_GLOBAL_ACCENT_COLOR_NAME = AccentColor;
				CLANG_ENABLE_MODULES = YES;
				CODE_SIGN_STYLE = Automatic;
				CURRENT_PROJECT_VERSION = 1;
				DEVELOPMENT_ASSET_PATHS = "\"Example/Preview Content\"";
				ENABLE_PREVIEWS = YES;
				GENERATE_INFOPLIST_FILE = YES;
				INFOPLIST_KEY_UIApplicationSceneManifest_Generation = YES;
				INFOPLIST_KEY_UIApplicationSupportsIndirectInputEvents = YES;
				INFOPLIST_KEY_UILaunchScreen_Generation = YES;
				INFOPLIST_KEY_UISupportedInterfaceOrientations_iPad = "UIInterfaceOrientationPortrait UIInterfaceOrientationPortraitUpsideDown UIInterfaceOrientationLandscapeLeft UIInterfaceOrientationLandscapeRight";
				INFOPLIST_KEY_UISupportedInterfaceOrientations_iPhone = "UIInterfaceOrientationPortrait UIInterfaceOrientationLandscapeLeft UIInterfaceOrientationLandscapeRight";
				LD_RUNPATH_SEARCH_PATHS = (
					"$(inherited)",
					"@executable_path/Frameworks",
				);
				MARKETING_VERSION = 1.0;
				PRODUCT_BUNDLE_IDENTIFIER = hu.example.swizzling.Example;
				PRODUCT_NAME = "$(TARGET_NAME)";
				SWIFT_EMIT_LOC_STRINGS = YES;
				SWIFT_OBJC_BRIDGING_HEADER = "Example/Components/Example-Bridging-Header.h";
				SWIFT_OPTIMIZATION_LEVEL = "-Onone";
				SWIFT_VERSION = 5.0;
				TARGETED_DEVICE_FAMILY = "1,2";
			};
			name = Debug;
		};
		58B89F672AB395E600991C0B /* Release */ = {
			isa = XCBuildConfiguration;
			buildSettings = {
				ASSETCATALOG_COMPILER_APPICON_NAME = AppIcon;
				ASSETCATALOG_COMPILER_GLOBAL_ACCENT_COLOR_NAME = AccentColor;
				CLANG_ENABLE_MODULES = YES;
				CODE_SIGN_STYLE = Automatic;
				CURRENT_PROJECT_VERSION = 1;
				DEVELOPMENT_ASSET_PATHS = "\"Example/Preview Content\"";
				ENABLE_PREVIEWS = YES;
				GENERATE_INFOPLIST_FILE = YES;
				INFOPLIST_KEY_UIApplicationSceneManifest_Generation = YES;
				INFOPLIST_KEY_UIApplicationSupportsIndirectInputEvents = YES;
				INFOPLIST_KEY_UILaunchScreen_Generation = YES;
				INFOPLIST_KEY_UISupportedInterfaceOrientations_iPad = "UIInterfaceOrientationPortrait UIInterfaceOrientationPortraitUpsideDown UIInterfaceOrientationLandscapeLeft UIInterfaceOrientationLandscapeRight";
				INFOPLIST_KEY_UISupportedInterfaceOrientations_iPhone = "UIInterfaceOrientationPortrait UIInterfaceOrientationLandscapeLeft UIInterfaceOrientationLandscapeRight";
				LD_RUNPATH_SEARCH_PATHS = (
					"$(inherited)",
					"@executable_path/Frameworks",
				);
				MARKETING_VERSION = 1.0;
				PRODUCT_BUNDLE_IDENTIFIER = hu.example.swizzling.Example;
				PRODUCT_NAME = "$(TARGET_NAME)";
				SWIFT_EMIT_LOC_STRINGS = YES;
				SWIFT_OBJC_BRIDGING_HEADER = "Example/Components/Example-Bridging-Header.h";
				SWIFT_VERSION = 5.0;
				TARGETED_DEVICE_FAMILY = "1,2";
			};
			name = Release;
		};
		58B89F692AB395E600991C0B /* Debug */ = {
			isa = XCBuildConfiguration;
			buildSettings = {
				ALWAYS_EMBED_SWIFT_STANDARD_LIBRARIES = YES;
				BUNDLE_LOADER = "$(TEST_HOST)";
				CODE_SIGN_STYLE = Automatic;
				CURRENT_PROJECT_VERSION = 1;
				GENERATE_INFOPLIST_FILE = YES;
				IPHONEOS_DEPLOYMENT_TARGET = 16.0;
				MARKETING_VERSION = 1.0;
				PRODUCT_BUNDLE_IDENTIFIER = hu.example.swizzling.ExampleTests;
				PRODUCT_NAME = "$(TARGET_NAME)";
				SWIFT_EMIT_LOC_STRINGS = NO;
				SWIFT_VERSION = 5.0;
				TARGETED_DEVICE_FAMILY = "1,2";
				TEST_HOST = "$(BUILT_PRODUCTS_DIR)/Example.app/$(BUNDLE_EXECUTABLE_FOLDER_PATH)/Example";
			};
			name = Debug;
		};
		58B89F6A2AB395E600991C0B /* Release */ = {
			isa = XCBuildConfiguration;
			buildSettings = {
				ALWAYS_EMBED_SWIFT_STANDARD_LIBRARIES = YES;
				BUNDLE_LOADER = "$(TEST_HOST)";
				CODE_SIGN_STYLE = Automatic;
				CURRENT_PROJECT_VERSION = 1;
				GENERATE_INFOPLIST_FILE = YES;
				IPHONEOS_DEPLOYMENT_TARGET = 16.0;
				MARKETING_VERSION = 1.0;
				PRODUCT_BUNDLE_IDENTIFIER = hu.example.swizzling.ExampleTests;
				PRODUCT_NAME = "$(TARGET_NAME)";
				SWIFT_EMIT_LOC_STRINGS = NO;
				SWIFT_VERSION = 5.0;
				TARGETED_DEVICE_FAMILY = "1,2";
				TEST_HOST = "$(BUILT_PRODUCTS_DIR)/Example.app/$(BUNDLE_EXECUTABLE_FOLDER_PATH)/Example";
			};
			name = Release;
		};
		58B89F6C2AB395E600991C0B /* Debug */ = {
			isa = XCBuildConfiguration;
			buildSettings = {
				ALWAYS_EMBED_SWIFT_STANDARD_LIBRARIES = YES;
				CODE_SIGN_STYLE = Automatic;
				CURRENT_PROJECT_VERSION = 1;
				GENERATE_INFOPLIST_FILE = YES;
				MARKETING_VERSION = 1.0;
				PRODUCT_BUNDLE_IDENTIFIER = hu.example.swizzling.ExampleUITests;
				PRODUCT_NAME = "$(TARGET_NAME)";
				SWIFT_EMIT_LOC_STRINGS = NO;
				SWIFT_VERSION = 5.0;
				TARGETED_DEVICE_FAMILY = "1,2";
				TEST_TARGET_NAME = Example;
			};
			name = Debug;
		};
		58B89F6D2AB395E600991C0B /* Release */ = {
			isa = XCBuildConfiguration;
			buildSettings = {
				ALWAYS_EMBED_SWIFT_STANDARD_LIBRARIES = YES;
				CODE_SIGN_STYLE = Automatic;
				CURRENT_PROJECT_VERSION = 1;
				GENERATE_INFOPLIST_FILE = YES;
				MARKETING_VERSION = 1.0;
				PRODUCT_BUNDLE_IDENTIFIER = hu.example.swizzling.ExampleUITests;
				PRODUCT_NAME = "$(TARGET_NAME)";
				SWIFT_EMIT_LOC_STRINGS = NO;
				SWIFT_VERSION = 5.0;
				TARGETED_DEVICE_FAMILY = "1,2";
				TEST_TARGET_NAME = Example;
			};
			name = Release;
		};
/* End XCBuildConfiguration section */

/* Begin XCConfigurationList section */
		58B89F3C2AB395E500991C0B /* Build configuration list for PBXProject "Example" */ = {
			isa = XCConfigurationList;
			buildConfigurations = (
				58B89F632AB395E600991C0B /* Debug */,
				58B89F642AB395E600991C0B /* Release */,
			);
			defaultConfigurationIsVisible = 0;
			defaultConfigurationName = Release;
		};
		58B89F652AB395E600991C0B /* Build configuration list for PBXNativeTarget "Example" */ = {
			isa = XCConfigurationList;
			buildConfigurations = (
				58B89F662AB395E600991C0B /* Debug */,
				58B89F672AB395E600991C0B /* Release */,
			);
			defaultConfigurationIsVisible = 0;
			defaultConfigurationName = Release;
		};
		58B89F682AB395E600991C0B /* Build configuration list for PBXNativeTarget "ExampleTests" */ = {
			isa = XCConfigurationList;
			buildConfigurations = (
				58B89F692AB395E600991C0B /* Debug */,
				58B89F6A2AB395E600991C0B /* Release */,
			);
			defaultConfigurationIsVisible = 0;
			defaultConfigurationName = Release;
		};
		58B89F6B2AB395E600991C0B /* Build configuration list for PBXNativeTarget "ExampleUITests" */ = {
			isa = XCConfigurationList;
			buildConfigurations = (
				58B89F6C2AB395E600991C0B /* Debug */,
				58B89F6D2AB395E600991C0B /* Release */,
			);
			defaultConfigurationIsVisible = 0;
			defaultConfigurationName = Release;
		};
/* End XCConfigurationList section */

/* Begin XCRemoteSwiftPackageReference section */
		58B89F792AB396E000991C0B /* XCRemoteSwiftPackageReference "Swizzling" */ = {
			isa = XCRemoteSwiftPackageReference;
			repositoryURL = "https://github.com/stateman92/Swizzling";
			requirement = {
				kind = exactVersion;
				version = 0.0.1;
			};
		};
/* End XCRemoteSwiftPackageReference section */

/* Begin XCSwiftPackageProductDependency section */
		58B89F7A2AB396E000991C0B /* Swizzling */ = {
			isa = XCSwiftPackageProductDependency;
			package = 58B89F792AB396E000991C0B /* XCRemoteSwiftPackageReference "Swizzling" */;
			productName = Swizzling;
		};
/* End XCSwiftPackageProductDependency section */
	};
	rootObject = 58B89F392AB395E500991C0B /* Project object */;
}
